
Microsoft Visual Studio Solution File, Format Version 12.00
# Visual Studio Version 16
VisualStudioVersion = 16.0.31702.278
MinimumVisualStudioVersion = 10.0.40219.1
Project("{9A19103F-16F7-4668-BE54-9A1E7A4F7556}") = "DepartmentEmployees.Data", "DepartmentEmployees.Data\DepartmentEmployees.Data.csproj", "{F74375CE-DAE7-4CF9-A71C-7E2F0A091648}"
EndProject
Project("{9A19103F-16F7-4668-BE54-9A1E7A4F7556}") = "DepartmentEmployees.Web", "DepartmentEmployees.Web\DepartmentEmployees.Web.csproj", "{1903DB24-DCE5-4564-BA63-CB98AF147518}"
EndProject
Global
	GlobalSection(SolutionConfigurationPlatforms) = preSolution
		Debug|Any CPU = Debug|Any CPU
		Release|Any CPU = Release|Any CPU
	EndGlobalSection
	GlobalSection(ProjectConfigurationPlatforms) = postSolution
		{F74375CE-DAE7-4CF9-A71C-7E2F0A091648}.Debug|Any CPU.ActiveCfg = Debug|Any CPU
		{F74375CE-DAE7-4CF9-A71C-7E2F0A091648}.Debug|Any CPU.Build.0 = Debug|Any CPU
		{F74375CE-DAE7-4CF9-A71C-7E2F0A091648}.Release|Any CPU.ActiveCfg = Release|Any CPU
		{F74375CE-DAE7-4CF9-A71C-7E2F0A091648}.Release|Any CPU.Build.0 = Release|Any CPU
		{1903DB24-DCE5-4564-BA63-CB98AF147518}.Debug|Any CPU.ActiveCfg = Debug|Any CPU
		{1903DB24-DCE5-4564-BA63-CB98AF147518}.Debug|Any CPU.Build.0 = Debug|Any CPU
		{1903DB24-DCE5-4564-BA63-CB98AF147518}.Release|Any CPU.ActiveCfg = Release|Any CPU
		{1903DB24-DCE5-4564-BA63-CB98AF147518}.Release|Any CPU.Build.0 = Release|Any CPU
	EndGlobalSection
	GlobalSection(SolutionProperties) = preSolution
		HideSolutionNode = FALSE
	EndGlobalSection
	GlobalSection(ExtensibilityGlobals) = postSolution
		SolutionGuid = {1543EA71-22CD-4061-B170-17D7C57DCE6E}
	EndGlobalSection
EndGlobal
